// !$*UTF8*$!
{
	archiveVersion = 1;
	classes = {
	};
	objectVersion = 50;
	objects = {

/* Begin PBXBuildFile section */
		31196BA1C7C6E02B1ECC09EC /* Pods_Github_Star_Repos.framework in Frameworks */ = {isa = PBXBuildFile; fileRef = 52C4F3FCF5FB65642C5C69B8 /* Pods_Github_Star_Repos.framework */; };
		BA3969DB224BE81A002DD646 /* AppDelegate.swift in Sources */ = {isa = PBXBuildFile; fileRef = BA3969DA224BE81A002DD646 /* AppDelegate.swift */; };
		BA3969E2224BE81B002DD646 /* Assets.xcassets in Resources */ = {isa = PBXBuildFile; fileRef = BA3969E1224BE81B002DD646 /* Assets.xcassets */; };
		BA3969E5224BE81B002DD646 /* LaunchScreen.storyboard in Resources */ = {isa = PBXBuildFile; fileRef = BA3969E3224BE81B002DD646 /* LaunchScreen.storyboard */; };
		BA3969F0224BE81B002DD646 /* Github_Star_ReposTests.swift in Sources */ = {isa = PBXBuildFile; fileRef = BA3969EF224BE81B002DD646 /* Github_Star_ReposTests.swift */; };
		BADFEF17224BE8B000DB574A /* Repo.swift in Sources */ = {isa = PBXBuildFile; fileRef = BADFEF16224BE8B000DB574A /* Repo.swift */; };
		BADFEF1C224BEA2800DB574A /* Endpoint.swift in Sources */ = {isa = PBXBuildFile; fileRef = BADFEF1B224BEA2800DB574A /* Endpoint.swift */; };
		BADFEF20224BEBB500DB574A /* RepoListViewController.swift in Sources */ = {isa = PBXBuildFile; fileRef = BADFEF1F224BEBB500DB574A /* RepoListViewController.swift */; };
		BADFEF22224BEBBD00DB574A /* RepoListViewModel.swift in Sources */ = {isa = PBXBuildFile; fileRef = BADFEF21224BEBBD00DB574A /* RepoListViewModel.swift */; };
		BADFEF25224BEC9900DB574A /* Result.swift in Sources */ = {isa = PBXBuildFile; fileRef = BADFEF24224BEC9900DB574A /* Result.swift */; };
		BADFEF28224BED2700DB574A /* RepoSearchResponse.swift in Sources */ = {isa = PBXBuildFile; fileRef = BADFEF27224BED2700DB574A /* RepoSearchResponse.swift */; };
		BADFEF2B224BF4E500DB574A /* RepoCell.swift in Sources */ = {isa = PBXBuildFile; fileRef = BADFEF2A224BF4E500DB574A /* RepoCell.swift */; };
		BADFEF2F224BF7BF00DB574A /* Deque+Register TableViewCell.swift in Sources */ = {isa = PBXBuildFile; fileRef = BADFEF2E224BF7BF00DB574A /* Deque+Register TableViewCell.swift */; };
		BADFEF31224C155D00DB574A /* LoaderCell.swift in Sources */ = {isa = PBXBuildFile; fileRef = BADFEF30224C155D00DB574A /* LoaderCell.swift */; };
		BADFEF33224C3EEE00DB574A /* ListItem.swift in Sources */ = {isa = PBXBuildFile; fileRef = BADFEF32224C3EEE00DB574A /* ListItem.swift */; };
		BADFEF37224C760900DB574A /* mock_response.json in Resources */ = {isa = PBXBuildFile; fileRef = BADFEF36224C760900DB574A /* mock_response.json */; };
		BADFEF38224C83E300DB574A /* mock_response.json in Resources */ = {isa = PBXBuildFile; fileRef = BADFEF36224C760900DB574A /* mock_response.json */; };
		C7D74F65026F07EE39E76EB0 /* Pods_Github_Star_ReposTests.framework in Frameworks */ = {isa = PBXBuildFile; fileRef = FC7AFF5BCBB79F9C7178B8B1 /* Pods_Github_Star_ReposTests.framework */; };
/* End PBXBuildFile section */

/* Begin PBXContainerItemProxy section */
		BA3969EC224BE81B002DD646 /* PBXContainerItemProxy */ = {
			isa = PBXContainerItemProxy;
			containerPortal = BA3969CF224BE819002DD646 /* Project object */;
			proxyType = 1;
			remoteGlobalIDString = BA3969D6224BE81A002DD646;
			remoteInfo = "Github Star Repos";
		};
/* End PBXContainerItemProxy section */

/* Begin PBXFileReference section */
		52C4F3FCF5FB65642C5C69B8 /* Pods_Github_Star_Repos.framework */ = {isa = PBXFileReference; explicitFileType = wrapper.framework; includeInIndex = 0; path = Pods_Github_Star_Repos.framework; sourceTree = BUILT_PRODUCTS_DIR; };
		854B2E3359552374C369EAF9 /* Pods-Github Star Repos.release.xcconfig */ = {isa = PBXFileReference; includeInIndex = 1; lastKnownFileType = text.xcconfig; name = "Pods-Github Star Repos.release.xcconfig"; path = "Pods/Target Support Files/Pods-Github Star Repos/Pods-Github Star Repos.release.xcconfig"; sourceTree = "<group>"; };
		A335ADE3739FBAFF8B977EAB /* Pods-Github Star Repos.debug.xcconfig */ = {isa = PBXFileReference; includeInIndex = 1; lastKnownFileType = text.xcconfig; name = "Pods-Github Star Repos.debug.xcconfig"; path = "Pods/Target Support Files/Pods-Github Star Repos/Pods-Github Star Repos.debug.xcconfig"; sourceTree = "<group>"; };
		B644888BD2DADEA897C6E0EA /* Pods-Github Star ReposTests.release.xcconfig */ = {isa = PBXFileReference; includeInIndex = 1; lastKnownFileType = text.xcconfig; name = "Pods-Github Star ReposTests.release.xcconfig"; path = "Pods/Target Support Files/Pods-Github Star ReposTests/Pods-Github Star ReposTests.release.xcconfig"; sourceTree = "<group>"; };
		BA3969D7224BE81A002DD646 /* Github Star Repos.app */ = {isa = PBXFileReference; explicitFileType = wrapper.application; includeInIndex = 0; path = "Github Star Repos.app"; sourceTree = BUILT_PRODUCTS_DIR; };
		BA3969DA224BE81A002DD646 /* AppDelegate.swift */ = {isa = PBXFileReference; lastKnownFileType = sourcecode.swift; path = AppDelegate.swift; sourceTree = "<group>"; };
		BA3969E1224BE81B002DD646 /* Assets.xcassets */ = {isa = PBXFileReference; lastKnownFileType = folder.assetcatalog; path = Assets.xcassets; sourceTree = "<group>"; };
		BA3969E4224BE81B002DD646 /* Base */ = {isa = PBXFileReference; lastKnownFileType = file.storyboard; name = Base; path = Base.lproj/LaunchScreen.storyboard; sourceTree = "<group>"; };
		BA3969E6224BE81B002DD646 /* Info.plist */ = {isa = PBXFileReference; lastKnownFileType = text.plist.xml; path = Info.plist; sourceTree = "<group>"; };
		BA3969EB224BE81B002DD646 /* Github Star ReposTests.xctest */ = {isa = PBXFileReference; explicitFileType = wrapper.cfbundle; includeInIndex = 0; path = "Github Star ReposTests.xctest"; sourceTree = BUILT_PRODUCTS_DIR; };
		BA3969EF224BE81B002DD646 /* Github_Star_ReposTests.swift */ = {isa = PBXFileReference; lastKnownFileType = sourcecode.swift; path = Github_Star_ReposTests.swift; sourceTree = "<group>"; };
		BA3969F1224BE81B002DD646 /* Info.plist */ = {isa = PBXFileReference; lastKnownFileType = text.plist.xml; path = Info.plist; sourceTree = "<group>"; };
		BADFEF16224BE8B000DB574A /* Repo.swift */ = {isa = PBXFileReference; lastKnownFileType = sourcecode.swift; path = Repo.swift; sourceTree = "<group>"; };
		BADFEF1B224BEA2800DB574A /* Endpoint.swift */ = {isa = PBXFileReference; lastKnownFileType = sourcecode.swift; path = Endpoint.swift; sourceTree = "<group>"; };
		BADFEF1F224BEBB500DB574A /* RepoListViewController.swift */ = {isa = PBXFileReference; lastKnownFileType = sourcecode.swift; path = RepoListViewController.swift; sourceTree = "<group>"; };
		BADFEF21224BEBBD00DB574A /* RepoListViewModel.swift */ = {isa = PBXFileReference; lastKnownFileType = sourcecode.swift; path = RepoListViewModel.swift; sourceTree = "<group>"; };
		BADFEF24224BEC9900DB574A /* Result.swift */ = {isa = PBXFileReference; lastKnownFileType = sourcecode.swift; path = Result.swift; sourceTree = "<group>"; };
		BADFEF27224BED2700DB574A /* RepoSearchResponse.swift */ = {isa = PBXFileReference; lastKnownFileType = sourcecode.swift; path = RepoSearchResponse.swift; sourceTree = "<group>"; };
		BADFEF2A224BF4E500DB574A /* RepoCell.swift */ = {isa = PBXFileReference; lastKnownFileType = sourcecode.swift; path = RepoCell.swift; sourceTree = "<group>"; };
		BADFEF2E224BF7BF00DB574A /* Deque+Register TableViewCell.swift */ = {isa = PBXFileReference; lastKnownFileType = sourcecode.swift; path = "Deque+Register TableViewCell.swift"; sourceTree = "<group>"; };
		BADFEF30224C155D00DB574A /* LoaderCell.swift */ = {isa = PBXFileReference; lastKnownFileType = sourcecode.swift; path = LoaderCell.swift; sourceTree = "<group>"; };
		BADFEF32224C3EEE00DB574A /* ListItem.swift */ = {isa = PBXFileReference; lastKnownFileType = sourcecode.swift; path = ListItem.swift; sourceTree = "<group>"; };
		BADFEF36224C760900DB574A /* mock_response.json */ = {isa = PBXFileReference; lastKnownFileType = text.json; path = mock_response.json; sourceTree = "<group>"; };
		BADFEF39224C8C0200DB574A /* Github_Star_ReposSnapshotTest.swift */ = {isa = PBXFileReference; lastKnownFileType = sourcecode.swift; path = Github_Star_ReposSnapshotTest.swift; sourceTree = "<group>"; };
		F1AF2383145742B66A226B29 /* Pods-Github Star ReposTests.debug.xcconfig */ = {isa = PBXFileReference; includeInIndex = 1; lastKnownFileType = text.xcconfig; name = "Pods-Github Star ReposTests.debug.xcconfig"; path = "Pods/Target Support Files/Pods-Github Star ReposTests/Pods-Github Star ReposTests.debug.xcconfig"; sourceTree = "<group>"; };
		FC7AFF5BCBB79F9C7178B8B1 /* Pods_Github_Star_ReposTests.framework */ = {isa = PBXFileReference; explicitFileType = wrapper.framework; includeInIndex = 0; path = Pods_Github_Star_ReposTests.framework; sourceTree = BUILT_PRODUCTS_DIR; };
/* End PBXFileReference section */

/* Begin PBXFrameworksBuildPhase section */
		BA3969D4224BE81A002DD646 /* Frameworks */ = {
			isa = PBXFrameworksBuildPhase;
			buildActionMask = 2147483647;
			files = (
				31196BA1C7C6E02B1ECC09EC /* Pods_Github_Star_Repos.framework in Frameworks */,
			);
			runOnlyForDeploymentPostprocessing = 0;
		};
		BA3969E8224BE81B002DD646 /* Frameworks */ = {
			isa = PBXFrameworksBuildPhase;
			buildActionMask = 2147483647;
			files = (
				C7D74F65026F07EE39E76EB0 /* Pods_Github_Star_ReposTests.framework in Frameworks */,
			);
			runOnlyForDeploymentPostprocessing = 0;
		};
/* End PBXFrameworksBuildPhase section */

/* Begin PBXGroup section */
		846AAFDA6E614B97128F1B4C /* Pods */ = {
			isa = PBXGroup;
			children = (
				A335ADE3739FBAFF8B977EAB /* Pods-Github Star Repos.debug.xcconfig */,
				854B2E3359552374C369EAF9 /* Pods-Github Star Repos.release.xcconfig */,
				F1AF2383145742B66A226B29 /* Pods-Github Star ReposTests.debug.xcconfig */,
				B644888BD2DADEA897C6E0EA /* Pods-Github Star ReposTests.release.xcconfig */,
			);
			name = Pods;
			sourceTree = "<group>";
		};
		BA3969CE224BE819002DD646 = {
			isa = PBXGroup;
			children = (
				BA3969D9224BE81A002DD646 /* Github Star Repos */,
				BA3969EE224BE81B002DD646 /* Github Star ReposTests */,
				BA3969D8224BE81A002DD646 /* Products */,
				846AAFDA6E614B97128F1B4C /* Pods */,
				FA0A39A095FC026ADF43CC1A /* Frameworks */,
			);
			sourceTree = "<group>";
		};
		BA3969D8224BE81A002DD646 /* Products */ = {
			isa = PBXGroup;
			children = (
				BA3969D7224BE81A002DD646 /* Github Star Repos.app */,
				BA3969EB224BE81B002DD646 /* Github Star ReposTests.xctest */,
			);
			name = Products;
			sourceTree = "<group>";
		};
		BA3969D9224BE81A002DD646 /* Github Star Repos */ = {
			isa = PBXGroup;
			children = (
				BADFEF35224C43AC00DB574A /* Application */,
				BADFEF2C224BF7A700DB574A /* Extensions */,
				BADFEF15224BE89800DB574A /* Model */,
				BADFEF1D224BEB9200DB574A /* Modules */,
				BADFEF34224C439C00DB574A /* Resources */,
				BADFEF23224BEC9100DB574A /* Result */,
				BADFEF1A224BEA1F00DB574A /* WebService */,
			);
			path = "Github Star Repos";
			sourceTree = "<group>";
		};
		BA3969EE224BE81B002DD646 /* Github Star ReposTests */ = {
			isa = PBXGroup;
			children = (
				BA3969EF224BE81B002DD646 /* Github_Star_ReposTests.swift */,
				BA3969F1224BE81B002DD646 /* Info.plist */,
				BADFEF36224C760900DB574A /* mock_response.json */,
				BADFEF39224C8C0200DB574A /* Github_Star_ReposSnapshotTest.swift */,
			);
			path = "Github Star ReposTests";
			sourceTree = "<group>";
		};
		BADFEF15224BE89800DB574A /* Model */ = {
			isa = PBXGroup;
			children = (
				BADFEF16224BE8B000DB574A /* Repo.swift */,
			);
			path = Model;
			sourceTree = "<group>";
		};
		BADFEF1A224BEA1F00DB574A /* WebService */ = {
			isa = PBXGroup;
			children = (
				BADFEF1B224BEA2800DB574A /* Endpoint.swift */,
				BADFEF26224BED1B00DB574A /* Response */,
			);
			path = WebService;
			sourceTree = "<group>";
		};
		BADFEF1D224BEB9200DB574A /* Modules */ = {
			isa = PBXGroup;
			children = (
				BADFEF1E224BEB9F00DB574A /* RepoList */,
			);
			path = Modules;
			sourceTree = "<group>";
		};
		BADFEF1E224BEB9F00DB574A /* RepoList */ = {
			isa = PBXGroup;
			children = (
				BADFEF32224C3EEE00DB574A /* ListItem.swift */,
				BADFEF1F224BEBB500DB574A /* RepoListViewController.swift */,
				BADFEF21224BEBBD00DB574A /* RepoListViewModel.swift */,
				BADFEF29224BF4DC00DB574A /* Cells */,
			);
			path = RepoList;
			sourceTree = "<group>";
		};
		BADFEF23224BEC9100DB574A /* Result */ = {
			isa = PBXGroup;
			children = (
				BADFEF24224BEC9900DB574A /* Result.swift */,
			);
			path = Result;
			sourceTree = "<group>";
		};
		BADFEF26224BED1B00DB574A /* Response */ = {
			isa = PBXGroup;
			children = (
				BADFEF27224BED2700DB574A /* RepoSearchResponse.swift */,
			);
			path = Response;
			sourceTree = "<group>";
		};
		BADFEF29224BF4DC00DB574A /* Cells */ = {
			isa = PBXGroup;
			children = (
				BADFEF30224C155D00DB574A /* LoaderCell.swift */,
				BADFEF2A224BF4E500DB574A /* RepoCell.swift */,
			);
			path = Cells;
			sourceTree = "<group>";
		};
		BADFEF2C224BF7A700DB574A /* Extensions */ = {
			isa = PBXGroup;
			children = (
				BADFEF2D224BF7AD00DB574A /* TableView */,
			);
			path = Extensions;
			sourceTree = "<group>";
		};
		BADFEF2D224BF7AD00DB574A /* TableView */ = {
			isa = PBXGroup;
			children = (
				BADFEF2E224BF7BF00DB574A /* Deque+Register TableViewCell.swift */,
			);
			path = TableView;
			sourceTree = "<group>";
		};
		BADFEF34224C439C00DB574A /* Resources */ = {
			isa = PBXGroup;
			children = (
				BA3969E1224BE81B002DD646 /* Assets.xcassets */,
				BA3969E3224BE81B002DD646 /* LaunchScreen.storyboard */,
			);
			path = Resources;
			sourceTree = "<group>";
		};
		BADFEF35224C43AC00DB574A /* Application */ = {
			isa = PBXGroup;
			children = (
				BA3969E6224BE81B002DD646 /* Info.plist */,
				BA3969DA224BE81A002DD646 /* AppDelegate.swift */,
			);
			path = Application;
			sourceTree = "<group>";
		};
		FA0A39A095FC026ADF43CC1A /* Frameworks */ = {
			isa = PBXGroup;
			children = (
				52C4F3FCF5FB65642C5C69B8 /* Pods_Github_Star_Repos.framework */,
				FC7AFF5BCBB79F9C7178B8B1 /* Pods_Github_Star_ReposTests.framework */,
			);
			name = Frameworks;
			sourceTree = "<group>";
		};
/* End PBXGroup section */

/* Begin PBXNativeTarget section */
		BA3969D6224BE81A002DD646 /* Github Star Repos */ = {
			isa = PBXNativeTarget;
			buildConfigurationList = BA3969F4224BE81B002DD646 /* Build configuration list for PBXNativeTarget "Github Star Repos" */;
			buildPhases = (
				7C5E4CC202BD4795D39669E6 /* [CP] Check Pods Manifest.lock */,
				BA3969D3224BE81A002DD646 /* Sources */,
				BA3969D4224BE81A002DD646 /* Frameworks */,
				BA3969D5224BE81A002DD646 /* Resources */,
				5CF328CE6EDC65D9179702B3 /* [CP] Embed Pods Frameworks */,
				27E7AB05322B3E758E656B49 /* [CP] Copy Pods Resources */,
			);
			buildRules = (
			);
			dependencies = (
			);
			name = "Github Star Repos";
			productName = "Github Star Repos";
			productReference = BA3969D7224BE81A002DD646 /* Github Star Repos.app */;
			productType = "com.apple.product-type.application";
		};
		BA3969EA224BE81B002DD646 /* Github Star ReposTests */ = {
			isa = PBXNativeTarget;
			buildConfigurationList = BA3969F7224BE81B002DD646 /* Build configuration list for PBXNativeTarget "Github Star ReposTests" */;
			buildPhases = (
				6FE103FE9C39C643469321A4 /* [CP] Check Pods Manifest.lock */,
				BA3969E7224BE81B002DD646 /* Sources */,
				BA3969E8224BE81B002DD646 /* Frameworks */,
				BA3969E9224BE81B002DD646 /* Resources */,
				2B7FA26C3791C3E6FF8A1FAD /* [CP] Embed Pods Frameworks */,
				DC74177783AF226B10D39FA0 /* [CP] Copy Pods Resources */,
			);
			buildRules = (
			);
			dependencies = (
				BA3969ED224BE81B002DD646 /* PBXTargetDependency */,
			);
			name = "Github Star ReposTests";
			productName = "Github Star ReposTests";
			productReference = BA3969EB224BE81B002DD646 /* Github Star ReposTests.xctest */;
			productType = "com.apple.product-type.bundle.unit-test";
		};
/* End PBXNativeTarget section */

/* Begin PBXProject section */
		BA3969CF224BE819002DD646 /* Project object */ = {
			isa = PBXProject;
			attributes = {
				LastSwiftUpdateCheck = 1010;
				LastUpgradeCheck = 1010;
				ORGANIZATIONNAME = WallaCorp;
				TargetAttributes = {
					BA3969D6224BE81A002DD646 = {
						CreatedOnToolsVersion = 10.1;
					};
					BA3969EA224BE81B002DD646 = {
						CreatedOnToolsVersion = 10.1;
						TestTargetID = BA3969D6224BE81A002DD646;
					};
				};
			};
			buildConfigurationList = BA3969D2224BE819002DD646 /* Build configuration list for PBXProject "Github Star Repos" */;
			compatibilityVersion = "Xcode 9.3";
			developmentRegion = en;
			hasScannedForEncodings = 0;
			knownRegions = (
				en,
				Base,
			);
			mainGroup = BA3969CE224BE819002DD646;
			productRefGroup = BA3969D8224BE81A002DD646 /* Products */;
			projectDirPath = "";
			projectRoot = "";
			targets = (
				BA3969D6224BE81A002DD646 /* Github Star Repos */,
				BA3969EA224BE81B002DD646 /* Github Star ReposTests */,
			);
		};
/* End PBXProject section */

/* Begin PBXResourcesBuildPhase section */
		BA3969D5224BE81A002DD646 /* Resources */ = {
			isa = PBXResourcesBuildPhase;
			buildActionMask = 2147483647;
			files = (
				BA3969E5224BE81B002DD646 /* LaunchScreen.storyboard in Resources */,
				BA3969E2224BE81B002DD646 /* Assets.xcassets in Resources */,
				BADFEF38224C83E300DB574A /* mock_response.json in Resources */,
			);
			runOnlyForDeploymentPostprocessing = 0;
		};
		BA3969E9224BE81B002DD646 /* Resources */ = {
			isa = PBXResourcesBuildPhase;
			buildActionMask = 2147483647;
			files = (
				BADFEF37224C760900DB574A /* mock_response.json in Resources */,
			);
			runOnlyForDeploymentPostprocessing = 0;
		};
/* End PBXResourcesBuildPhase section */

/* Begin PBXShellScriptBuildPhase section */
		27E7AB05322B3E758E656B49 /* [CP] Copy Pods Resources */ = {
			isa = PBXShellScriptBuildPhase;
			buildActionMask = 2147483647;
			files = (
			);
			inputPaths = (
			);
			name = "[CP] Copy Pods Resources";
			outputPaths = (
			);
			runOnlyForDeploymentPostprocessing = 0;
			shellPath = /bin/sh;
			shellScript = "\"${SRCROOT}/Pods/Target Support Files/Pods-Github Star Repos/Pods-Github Star Repos-resources.sh\"\n";
			showEnvVarsInLog = 0;
		};
		2B7FA26C3791C3E6FF8A1FAD /* [CP] Embed Pods Frameworks */ = {
			isa = PBXShellScriptBuildPhase;
			buildActionMask = 2147483647;
			files = (
			);
			inputPaths = (
				"${SRCROOT}/Pods/Target Support Files/Pods-Github Star ReposTests/Pods-Github Star ReposTests-frameworks.sh",
				"${BUILT_PRODUCTS_DIR}/RxAtomic/RxAtomic.framework",
				"${BUILT_PRODUCTS_DIR}/RxSwift/RxSwift.framework",
				"${BUILT_PRODUCTS_DIR}/Nimble/Nimble.framework",
				"${BUILT_PRODUCTS_DIR}/OHHTTPStubs/OHHTTPStubs.framework",
				"${BUILT_PRODUCTS_DIR}/Quick/Quick.framework",
				"${BUILT_PRODUCTS_DIR}/RxNimble/RxNimble.framework",
				"${BUILT_PRODUCTS_DIR}/RxTest/RxTest.framework",
				"${BUILT_PRODUCTS_DIR}/iOSSnapshotTestCase/FBSnapshotTestCase.framework",
			);
			name = "[CP] Embed Pods Frameworks";
			outputPaths = (
				"${TARGET_BUILD_DIR}/${FRAMEWORKS_FOLDER_PATH}/RxAtomic.framework",
				"${TARGET_BUILD_DIR}/${FRAMEWORKS_FOLDER_PATH}/RxSwift.framework",
				"${TARGET_BUILD_DIR}/${FRAMEWORKS_FOLDER_PATH}/Nimble.framework",
				"${TARGET_BUILD_DIR}/${FRAMEWORKS_FOLDER_PATH}/OHHTTPStubs.framework",
				"${TARGET_BUILD_DIR}/${FRAMEWORKS_FOLDER_PATH}/Quick.framework",
				"${TARGET_BUILD_DIR}/${FRAMEWORKS_FOLDER_PATH}/RxNimble.framework",
				"${TARGET_BUILD_DIR}/${FRAMEWORKS_FOLDER_PATH}/RxTest.framework",
				"${TARGET_BUILD_DIR}/${FRAMEWORKS_FOLDER_PATH}/FBSnapshotTestCase.framework",
			);
			runOnlyForDeploymentPostprocessing = 0;
			shellPath = /bin/sh;
			shellScript = "\"${SRCROOT}/Pods/Target Support Files/Pods-Github Star ReposTests/Pods-Github Star ReposTests-frameworks.sh\"\n";
			showEnvVarsInLog = 0;
		};
		5CF328CE6EDC65D9179702B3 /* [CP] Embed Pods Frameworks */ = {
			isa = PBXShellScriptBuildPhase;
			buildActionMask = 2147483647;
			files = (
			);
			inputPaths = (
				"${SRCROOT}/Pods/Target Support Files/Pods-Github Star Repos/Pods-Github Star Repos-frameworks.sh",
				"${BUILT_PRODUCTS_DIR}/Cartography/Cartography.framework",
				"${BUILT_PRODUCTS_DIR}/Differentiator/Differentiator.framework",
				"${BUILT_PRODUCTS_DIR}/RxAtomic/RxAtomic.framework",
				"${BUILT_PRODUCTS_DIR}/RxCocoa/RxCocoa.framework",
				"${BUILT_PRODUCTS_DIR}/RxDataSources/RxDataSources.framework",
				"${BUILT_PRODUCTS_DIR}/RxSwift/RxSwift.framework",
				"${BUILT_PRODUCTS_DIR}/SDWebImage/SDWebImage.framework",
			);
			name = "[CP] Embed Pods Frameworks";
			outputPaths = (
				"${TARGET_BUILD_DIR}/${FRAMEWORKS_FOLDER_PATH}/Cartography.framework",
				"${TARGET_BUILD_DIR}/${FRAMEWORKS_FOLDER_PATH}/Differentiator.framework",
				"${TARGET_BUILD_DIR}/${FRAMEWORKS_FOLDER_PATH}/RxAtomic.framework",
				"${TARGET_BUILD_DIR}/${FRAMEWORKS_FOLDER_PATH}/RxCocoa.framework",
				"${TARGET_BUILD_DIR}/${FRAMEWORKS_FOLDER_PATH}/RxDataSources.framework",
				"${TARGET_BUILD_DIR}/${FRAMEWORKS_FOLDER_PATH}/RxSwift.framework",
				"${TARGET_BUILD_DIR}/${FRAMEWORKS_FOLDER_PATH}/SDWebImage.framework",
			);
			runOnlyForDeploymentPostprocessing = 0;
			shellPath = /bin/sh;
			shellScript = "\"${SRCROOT}/Pods/Target Support Files/Pods-Github Star Repos/Pods-Github Star Repos-frameworks.sh\"\n";
			showEnvVarsInLog = 0;
		};
		6FE103FE9C39C643469321A4 /* [CP] Check Pods Manifest.lock */ = {
			isa = PBXShellScriptBuildPhase;
			buildActionMask = 2147483647;
			files = (
			);
			inputPaths = (
				"${PODS_PODFILE_DIR_PATH}/Podfile.lock",
				"${PODS_ROOT}/Manifest.lock",
			);
			name = "[CP] Check Pods Manifest.lock";
			outputPaths = (
				"$(DERIVED_FILE_DIR)/Pods-Github Star ReposTests-checkManifestLockResult.txt",
			);
			runOnlyForDeploymentPostprocessing = 0;
			shellPath = /bin/sh;
			shellScript = "diff \"${PODS_PODFILE_DIR_PATH}/Podfile.lock\" \"${PODS_ROOT}/Manifest.lock\" > /dev/null\nif [ $? != 0 ] ; then\n    # print error to STDERR\n    echo \"error: The sandbox is not in sync with the Podfile.lock. Run 'pod install' or update your CocoaPods installation.\" >&2\n    exit 1\nfi\n# This output is used by Xcode 'outputs' to avoid re-running this script phase.\necho \"SUCCESS\" > \"${SCRIPT_OUTPUT_FILE_0}\"\n";
			showEnvVarsInLog = 0;
		};
		7C5E4CC202BD4795D39669E6 /* [CP] Check Pods Manifest.lock */ = {
			isa = PBXShellScriptBuildPhase;
			buildActionMask = 2147483647;
			files = (
			);
			inputPaths = (
				"${PODS_PODFILE_DIR_PATH}/Podfile.lock",
				"${PODS_ROOT}/Manifest.lock",
			);
			name = "[CP] Check Pods Manifest.lock";
			outputPaths = (
				"$(DERIVED_FILE_DIR)/Pods-Github Star Repos-checkManifestLockResult.txt",
			);
			runOnlyForDeploymentPostprocessing = 0;
			shellPath = /bin/sh;
			shellScript = "diff \"${PODS_PODFILE_DIR_PATH}/Podfile.lock\" \"${PODS_ROOT}/Manifest.lock\" > /dev/null\nif [ $? != 0 ] ; then\n    # print error to STDERR\n    echo \"error: The sandbox is not in sync with the Podfile.lock. Run 'pod install' or update your CocoaPods installation.\" >&2\n    exit 1\nfi\n# This output is used by Xcode 'outputs' to avoid re-running this script phase.\necho \"SUCCESS\" > \"${SCRIPT_OUTPUT_FILE_0}\"\n";
			showEnvVarsInLog = 0;
		};
		DC74177783AF226B10D39FA0 /* [CP] Copy Pods Resources */ = {
			isa = PBXShellScriptBuildPhase;
			buildActionMask = 2147483647;
			files = (
			);
			inputPaths = (
			);
			name = "[CP] Copy Pods Resources";
			outputPaths = (
			);
			runOnlyForDeploymentPostprocessing = 0;
			shellPath = /bin/sh;
			shellScript = "\"${SRCROOT}/Pods/Target Support Files/Pods-Github Star ReposTests/Pods-Github Star ReposTests-resources.sh\"\n";
			showEnvVarsInLog = 0;
		};
/* End PBXShellScriptBuildPhase section */

/* Begin PBXSourcesBuildPhase section */
		BA3969D3224BE81A002DD646 /* Sources */ = {
			isa = PBXSourcesBuildPhase;
			buildActionMask = 2147483647;
			files = (
				BADFEF17224BE8B000DB574A /* Repo.swift in Sources */,
				BADFEF28224BED2700DB574A /* RepoSearchResponse.swift in Sources */,
				BADFEF22224BEBBD00DB574A /* RepoListViewModel.swift in Sources */,
				BADFEF20224BEBB500DB574A /* RepoListViewController.swift in Sources */,
				BADFEF33224C3EEE00DB574A /* ListItem.swift in Sources */,
				BADFEF25224BEC9900DB574A /* Result.swift in Sources */,
				BADFEF1C224BEA2800DB574A /* Endpoint.swift in Sources */,
				BA3969DB224BE81A002DD646 /* AppDelegate.swift in Sources */,
				BADFEF2B224BF4E500DB574A /* RepoCell.swift in Sources */,
				BADFEF31224C155D00DB574A /* LoaderCell.swift in Sources */,
				BADFEF2F224BF7BF00DB574A /* Deque+Register TableViewCell.swift in Sources */,
			);
			runOnlyForDeploymentPostprocessing = 0;
		};
		BA3969E7224BE81B002DD646 /* Sources */ = {
			isa = PBXSourcesBuildPhase;
			buildActionMask = 2147483647;
			files = (
				BA3969F0224BE81B002DD646 /* Github_Star_ReposTests.swift in Sources */,
			);
			runOnlyForDeploymentPostprocessing = 0;
		};
/* End PBXSourcesBuildPhase section */

/* Begin PBXTargetDependency section */
		BA3969ED224BE81B002DD646 /* PBXTargetDependency */ = {
			isa = PBXTargetDependency;
			target = BA3969D6224BE81A002DD646 /* Github Star Repos */;
			targetProxy = BA3969EC224BE81B002DD646 /* PBXContainerItemProxy */;
		};
/* End PBXTargetDependency section */

/* Begin PBXVariantGroup section */
		BA3969E3224BE81B002DD646 /* LaunchScreen.storyboard */ = {
			isa = PBXVariantGroup;
			children = (
				BA3969E4224BE81B002DD646 /* Base */,
			);
			name = LaunchScreen.storyboard;
			sourceTree = "<group>";
		};
/* End PBXVariantGroup section */

/* Begin XCBuildConfiguration section */
		BA3969F2224BE81B002DD646 /* Debug */ = {
			isa = XCBuildConfiguration;
			buildSettings = {
				ALWAYS_SEARCH_USER_PATHS = NO;
				CLANG_ANALYZER_NONNULL = YES;
				CLANG_ANALYZER_NUMBER_OBJECT_CONVERSION = YES_AGGRESSIVE;
				CLANG_CXX_LANGUAGE_STANDARD = "gnu++14";
				CLANG_CXX_LIBRARY = "libc++";
				CLANG_ENABLE_MODULES = YES;
				CLANG_ENABLE_OBJC_ARC = YES;
				CLANG_ENABLE_OBJC_WEAK = YES;
				CLANG_WARN_BLOCK_CAPTURE_AUTORELEASING = YES;
				CLANG_WARN_BOOL_CONVERSION = YES;
				CLANG_WARN_COMMA = YES;
				CLANG_WARN_CONSTANT_CONVERSION = YES;
				CLANG_WARN_DEPRECATED_OBJC_IMPLEMENTATIONS = YES;
				CLANG_WARN_DIRECT_OBJC_ISA_USAGE = YES_ERROR;
				CLANG_WARN_DOCUMENTATION_COMMENTS = YES;
				CLANG_WARN_EMPTY_BODY = YES;
				CLANG_WARN_ENUM_CONVERSION = YES;
				CLANG_WARN_INFINITE_RECURSION = YES;
				CLANG_WARN_INT_CONVERSION = YES;
				CLANG_WARN_NON_LITERAL_NULL_CONVERSION = YES;
				CLANG_WARN_OBJC_IMPLICIT_RETAIN_SELF = YES;
				CLANG_WARN_OBJC_LITERAL_CONVERSION = YES;
				CLANG_WARN_OBJC_ROOT_CLASS = YES_ERROR;
				CLANG_WARN_RANGE_LOOP_ANALYSIS = YES;
				CLANG_WARN_STRICT_PROTOTYPES = YES;
				CLANG_WARN_SUSPICIOUS_MOVE = YES;
				CLANG_WARN_UNGUARDED_AVAILABILITY = YES_AGGRESSIVE;
				CLANG_WARN_UNREACHABLE_CODE = YES;
				CLANG_WARN__DUPLICATE_METHOD_MATCH = YES;
				CODE_SIGN_IDENTITY = "iPhone Developer";
				COPY_PHASE_STRIP = NO;
				DEBUG_INFORMATION_FORMAT = dwarf;
				ENABLE_STRICT_OBJC_MSGSEND = YES;
				ENABLE_TESTABILITY = YES;
				GCC_C_LANGUAGE_STANDARD = gnu11;
				GCC_DYNAMIC_NO_PIC = NO;
				GCC_NO_COMMON_BLOCKS = YES;
				GCC_OPTIMIZATION_LEVEL = 0;
				GCC_PREPROCESSOR_DEFINITIONS = (
					"DEBUG=1",
					"$(inherited)",
				);
				GCC_WARN_64_TO_32_BIT_CONVERSION = YES;
				GCC_WARN_ABOUT_RETURN_TYPE = YES_ERROR;
				GCC_WARN_UNDECLARED_SELECTOR = YES;
				GCC_WARN_UNINITIALIZED_AUTOS = YES_AGGRESSIVE;
				GCC_WARN_UNUSED_FUNCTION = YES;
				GCC_WARN_UNUSED_VARIABLE = YES;
				IPHONEOS_DEPLOYMENT_TARGET = 12.1;
				MTL_ENABLE_DEBUG_INFO = INCLUDE_SOURCE;
				MTL_FAST_MATH = YES;
				ONLY_ACTIVE_ARCH = YES;
				SDKROOT = iphoneos;
				SWIFT_ACTIVE_COMPILATION_CONDITIONS = DEBUG;
				SWIFT_OPTIMIZATION_LEVEL = "-Onone";
			};
			name = Debug;
		};
		BA3969F3224BE81B002DD646 /* Release */ = {
			isa = XCBuildConfiguration;
			buildSettings = {
				ALWAYS_SEARCH_USER_PATHS = NO;
				CLANG_ANALYZER_NONNULL = YES;
				CLANG_ANALYZER_NUMBER_OBJECT_CONVERSION = YES_AGGRESSIVE;
				CLANG_CXX_LANGUAGE_STANDARD = "gnu++14";
				CLANG_CXX_LIBRARY = "libc++";
				CLANG_ENABLE_MODULES = YES;
				CLANG_ENABLE_OBJC_ARC = YES;
				CLANG_ENABLE_OBJC_WEAK = YES;
				CLANG_WARN_BLOCK_CAPTURE_AUTORELEASING = YES;
				CLANG_WARN_BOOL_CONVERSION = YES;
				CLANG_WARN_COMMA = YES;
				CLANG_WARN_CONSTANT_CONVERSION = YES;
				CLANG_WARN_DEPRECATED_OBJC_IMPLEMENTATIONS = YES;
				CLANG_WARN_DIRECT_OBJC_ISA_USAGE = YES_ERROR;
				CLANG_WARN_DOCUMENTATION_COMMENTS = YES;
				CLANG_WARN_EMPTY_BODY = YES;
				CLANG_WARN_ENUM_CONVERSION = YES;
				CLANG_WARN_INFINITE_RECURSION = YES;
				CLANG_WARN_INT_CONVERSION = YES;
				CLANG_WARN_NON_LITERAL_NULL_CONVERSION = YES;
				CLANG_WARN_OBJC_IMPLICIT_RETAIN_SELF = YES;
				CLANG_WARN_OBJC_LITERAL_CONVERSION = YES;
				CLANG_WARN_OBJC_ROOT_CLASS = YES_ERROR;
				CLANG_WARN_RANGE_LOOP_ANALYSIS = YES;
				CLANG_WARN_STRICT_PROTOTYPES = YES;
				CLANG_WARN_SUSPICIOUS_MOVE = YES;
				CLANG_WARN_UNGUARDED_AVAILABILITY = YES_AGGRESSIVE;
				CLANG_WARN_UNREACHABLE_CODE = YES;
				CLANG_WARN__DUPLICATE_METHOD_MATCH = YES;
				CODE_SIGN_IDENTITY = "iPhone Developer";
				COPY_PHASE_STRIP = NO;
				DEBUG_INFORMATION_FORMAT = "dwarf-with-dsym";
				ENABLE_NS_ASSERTIONS = NO;
				ENABLE_STRICT_OBJC_MSGSEND = YES;
				GCC_C_LANGUAGE_STANDARD = gnu11;
				GCC_NO_COMMON_BLOCKS = YES;
				GCC_WARN_64_TO_32_BIT_CONVERSION = YES;
				GCC_WARN_ABOUT_RETURN_TYPE = YES_ERROR;
				GCC_WARN_UNDECLARED_SELECTOR = YES;
				GCC_WARN_UNINITIALIZED_AUTOS = YES_AGGRESSIVE;
				GCC_WARN_UNUSED_FUNCTION = YES;
				GCC_WARN_UNUSED_VARIABLE = YES;
				IPHONEOS_DEPLOYMENT_TARGET = 12.1;
				MTL_ENABLE_DEBUG_INFO = NO;
				MTL_FAST_MATH = YES;
				SDKROOT = iphoneos;
				SWIFT_COMPILATION_MODE = wholemodule;
				SWIFT_OPTIMIZATION_LEVEL = "-O";
				VALIDATE_PRODUCT = YES;
			};
			name = Release;
		};
		BA3969F5224BE81B002DD646 /* Debug */ = {
			isa = XCBuildConfiguration;
			baseConfigurationReference = A335ADE3739FBAFF8B977EAB /* Pods-Github Star Repos.debug.xcconfig */;
			buildSettings = {
				ASSETCATALOG_COMPILER_APPICON_NAME = AppIcon;
				CODE_SIGN_STYLE = Automatic;
				DEVELOPMENT_TEAM = 55XL2R5538;
				INFOPLIST_FILE = "$(SRCROOT)/Github Star Repos/Application/Info.plist";
				LD_RUNPATH_SEARCH_PATHS = (
					"$(inherited)",
					"@executable_path/Frameworks",
				);
				PRODUCT_BUNDLE_IDENTIFIER = "br.com.wallacorp.Github-Star-Repos";
				PRODUCT_NAME = "$(TARGET_NAME)";
				SWIFT_VERSION = 4.2;
				TARGETED_DEVICE_FAMILY = "1,2";
			};
			name = Debug;
		};
		BA3969F6224BE81B002DD646 /* Release */ = {
			isa = XCBuildConfiguration;
			baseConfigurationReference = 854B2E3359552374C369EAF9 /* Pods-Github Star Repos.release.xcconfig */;
			buildSettings = {
				ASSETCATALOG_COMPILER_APPICON_NAME = AppIcon;
				CODE_SIGN_STYLE = Automatic;
				DEVELOPMENT_TEAM = 55XL2R5538;
				INFOPLIST_FILE = "$(SRCROOT)/Github Star Repos/Application/Info.plist";
				LD_RUNPATH_SEARCH_PATHS = (
					"$(inherited)",
					"@executable_path/Frameworks",
				);
				PRODUCT_BUNDLE_IDENTIFIER = "br.com.wallacorp.Github-Star-Repos";
				PRODUCT_NAME = "$(TARGET_NAME)";
				SWIFT_VERSION = 4.2;
				TARGETED_DEVICE_FAMILY = "1,2";
			};
			name = Release;
		};
		BA3969F8224BE81B002DD646 /* Debug */ = {
			isa = XCBuildConfiguration;
			baseConfigurationReference = F1AF2383145742B66A226B29 /* Pods-Github Star ReposTests.debug.xcconfig */;
			buildSettings = {
				ALWAYS_EMBED_SWIFT_STANDARD_LIBRARIES = YES;
				BUNDLE_LOADER = "$(TEST_HOST)";
				CODE_SIGN_STYLE = Automatic;
				DEVELOPMENT_TEAM = 55XL2R5538;
				INFOPLIST_FILE = "Github Star ReposTests/Info.plist";
				LD_RUNPATH_SEARCH_PATHS = (
					"$(inherited)",
					"@executable_path/Frameworks",
					"@loader_path/Frameworks",
				);
				PRODUCT_BUNDLE_IDENTIFIER = "br.com.wallacorp.Github-Star-ReposTests";
				PRODUCT_NAME = "$(TARGET_NAME)";
				SWIFT_VERSION = 4.2;
				TARGETED_DEVICE_FAMILY = "1,2";
				TEST_HOST = "$(BUILT_PRODUCTS_DIR)/Github Star Repos.app/Github Star Repos";
			};
			name = Debug;
		};
		BA3969F9224BE81B002DD646 /* Release */ = {
			isa = XCBuildConfiguration;
			baseConfigurationReference = B644888BD2DADEA897C6E0EA /* Pods-Github Star ReposTests.release.xcconfig */;
			buildSettings = {
				ALWAYS_EMBED_SWIFT_STANDARD_LIBRARIES = YES;
				BUNDLE_LOADER = "$(TEST_HOST)";
				CODE_SIGN_STYLE = Automatic;
				DEVELOPMENT_TEAM = 55XL2R5538;
				INFOPLIST_FILE = "Github Star ReposTests/Info.plist";
				LD_RUNPATH_SEARCH_PATHS = (
					"$(inherited)",
					"@executable_path/Frameworks",
					"@loader_path/Frameworks",
				);
				PRODUCT_BUNDLE_IDENTIFIER = "br.com.wallacorp.Github-Star-ReposTests";
				PRODUCT_NAME = "$(TARGET_NAME)";
				SWIFT_VERSION = 4.2;
				TARGETED_DEVICE_FAMILY = "1,2";
				TEST_HOST = "$(BUILT_PRODUCTS_DIR)/Github Star Repos.app/Github Star Repos";
			};
			name = Release;
		};
/* End XCBuildConfiguration section */

/* Begin XCConfigurationList section */
		BA3969D2224BE819002DD646 /* Build configuration list for PBXProject "Github Star Repos" */ = {
			isa = XCConfigurationList;
			buildConfigurations = (
				BA3969F2224BE81B002DD646 /* Debug */,
				BA3969F3224BE81B002DD646 /* Release */,
			);
			defaultConfigurationIsVisible = 0;
			defaultConfigurationName = Release;
		};
		BA3969F4224BE81B002DD646 /* Build configuration list for PBXNativeTarget "Github Star Repos" */ = {
			isa = XCConfigurationList;
			buildConfigurations = (
				BA3969F5224BE81B002DD646 /* Debug */,
				BA3969F6224BE81B002DD646 /* Release */,
			);
			defaultConfigurationIsVisible = 0;
			defaultConfigurationName = Release;
		};
		BA3969F7224BE81B002DD646 /* Build configuration list for PBXNativeTarget "Github Star ReposTests" */ = {
			isa = XCConfigurationList;
			buildConfigurations = (
				BA3969F8224BE81B002DD646 /* Debug */,
				BA3969F9224BE81B002DD646 /* Release */,
			);
			defaultConfigurationIsVisible = 0;
			defaultConfigurationName = Release;
		};
/* End XCConfigurationList section */
	};
	rootObject = BA3969CF224BE819002DD646 /* Project object */;
}
